
Microsoft Visual Studio Solution File, Format Version 12.00
# Visual Studio Version 16
VisualStudioVersion = 16.0.30204.135
MinimumVisualStudioVersion = 10.0.40219.1
Project("{FAE04EC0-301F-11D3-BF4B-00C04F79EFBC}") = "BOM_V2", "BOM_V2.csproj", "{B1E1F7E0-EBE7-42EC-815E-5E6E0A6BB9BD}"
EndProject
Global
	GlobalSection(SolutionConfigurationPlatforms) = preSolution
		Debug|Any CPU = Debug|Any CPU
		Release|Any CPU = Release|Any CPU
	EndGlobalSection
	GlobalSection(ProjectConfigurationPlatforms) = postSolution
		{B1E1F7E0-EBE7-42EC-815E-5E6E0A6BB9BD}.Debug|Any CPU.ActiveCfg = Debug|Any CPU
		{B1E1F7E0-EBE7-42EC-815E-5E6E0A6BB9BD}.Debug|Any CPU.Build.0 = Debug|Any CPU
		{B1E1F7E0-EBE7-42EC-815E-5E6E0A6BB9BD}.Release|Any CPU.ActiveCfg = Release|Any CPU
		{B1E1F7E0-EBE7-42EC-815E-5E6E0A6BB9BD}.Release|Any CPU.Build.0 = Release|Any CPU
	EndGlobalSection
	GlobalSection(SolutionProperties) = preSolution
		HideSolutionNode = FALSE
	EndGlobalSection
	GlobalSection(ExtensibilityGlobals) = postSolution
		SolutionGuid = {B8691315-D78E-4C17-98EA-71153CEFA99A}
	EndGlobalSection
EndGlobal
